
Microsoft Visual Studio Solution File, Format Version 12.00
# Visual Studio Version 17
VisualStudioVersion = 17.9.34723.18
MinimumVisualStudioVersion = 10.0.40219.1
Project("{FAE04EC0-301F-11D3-BF4B-00C04F79EFBC}") = "Week15", "Week15\Week15.csproj", "{237794D8-AC8D-43B5-B7CC-15EFC1454741}"
EndProject
Global
	GlobalSection(SolutionConfigurationPlatforms) = preSolution
		Debug|Any CPU = Debug|Any CPU
		Release|Any CPU = Release|Any CPU
	EndGlobalSection
	GlobalSection(ProjectConfigurationPlatforms) = postSolution
		{237794D8-AC8D-43B5-B7CC-15EFC1454741}.Debug|Any CPU.ActiveCfg = Debug|Any CPU
		{237794D8-AC8D-43B5-B7CC-15EFC1454741}.Debug|Any CPU.Build.0 = Debug|Any CPU
		{237794D8-AC8D-43B5-B7CC-15EFC1454741}.Release|Any CPU.ActiveCfg = Release|Any CPU
		{237794D8-AC8D-43B5-B7CC-15EFC1454741}.Release|Any CPU.Build.0 = Release|Any CPU
	EndGlobalSection
	GlobalSection(SolutionProperties) = preSolution
		HideSolutionNode = FALSE
	EndGlobalSection
	GlobalSection(ExtensibilityGlobals) = postSolution
		SolutionGuid = {8E579EF1-0C0F-4C93-97CF-2EC3BAFB605C}
	EndGlobalSection
EndGlobal
